
Microsoft Visual Studio Solution File, Format Version 12.00
# Visual Studio Version 17
VisualStudioVersion = 17.9.34526.213
MinimumVisualStudioVersion = 10.0.40219.1
Project("{2150E333-8FDC-42A3-9474-1A3956D46DE8}") = "src", "src", "{6ACDFADA-8CB0-492A-99EC-B4999D99AA63}"
EndProject
Project("{2150E333-8FDC-42A3-9474-1A3956D46DE8}") = "tests", "tests", "{F268B444-1E83-49D8-A2E2-F622E2A9EEDC}"
EndProject
Project("{9A19103F-16F7-4668-BE54-9A1E7A4F7556}") = "NivelZero.Domain.UnitTests", "tests\NivelZero.Domain.UnitTests\NivelZero.Domain.UnitTests.csproj", "{17DE5356-84B8-499A-A00B-BB40EBCFA98E}"
EndProject
Project("{9A19103F-16F7-4668-BE54-9A1E7A4F7556}") = "NivelZero.Domain", "src\NivelZero.Domain\NivelZero.Domain.csproj", "{A60450D6-E39C-417A-8820-23816D027236}"
EndProject
Project("{9A19103F-16F7-4668-BE54-9A1E7A4F7556}") = "NivelZero.Application", "src\NivelZero.Application\NivelZero.Application.csproj", "{B4806B52-4C7C-4A22-B579-1762F421E655}"
EndProject
Project("{9A19103F-16F7-4668-BE54-9A1E7A4F7556}") = "NivelZero.Api", "src\NivelZero.Api\NivelZero.Api.csproj", "{A01D3E6E-0A9A-47F9-8AAE-67944C2FF2DE}"
EndProject
Project("{9A19103F-16F7-4668-BE54-9A1E7A4F7556}") = "NivelZero.Contracts", "src\NivelZero.Contracts\NivelZero.Contracts.csproj", "{6FD8AAD2-D341-4652-9A1A-A0E4E644DA8B}"
EndProject
Project("{FAE04EC0-301F-11D3-BF4B-00C04F79EFBC}") = "NivelZero.Infrastructure", "src\NivelZero.Infrastructure\NivelZero.Infrastructure.csproj", "{A7822F63-B1BE-4DDB-9AD5-9C2C13519F2D}"
EndProject
Project("{FAE04EC0-301F-11D3-BF4B-00C04F79EFBC}") = "NivelZero.Shared", "src\NivelZero.Shared\NivelZero.Shared.csproj", "{60BF83A4-9963-4611-B68E-A77EE1EED1FA}"
EndProject
Project("{FAE04EC0-301F-11D3-BF4B-00C04F79EFBC}") = "NivelZero.Api.IntegrationTests", "tests\NivelZero.Api.IntegrationTests\NivelZero.Api.IntegrationTests.csproj", "{D94BAEB1-84B3-415E-87DD-8370722A9F5C}"
EndProject
Global
	GlobalSection(SolutionConfigurationPlatforms) = preSolution
		Debug|Any CPU = Debug|Any CPU
		Release|Any CPU = Release|Any CPU
	EndGlobalSection
	GlobalSection(ProjectConfigurationPlatforms) = postSolution
		{17DE5356-84B8-499A-A00B-BB40EBCFA98E}.Debug|Any CPU.ActiveCfg = Debug|Any CPU
		{17DE5356-84B8-499A-A00B-BB40EBCFA98E}.Debug|Any CPU.Build.0 = Debug|Any CPU
		{17DE5356-84B8-499A-A00B-BB40EBCFA98E}.Release|Any CPU.ActiveCfg = Release|Any CPU
		{17DE5356-84B8-499A-A00B-BB40EBCFA98E}.Release|Any CPU.Build.0 = Release|Any CPU
		{A60450D6-E39C-417A-8820-23816D027236}.Debug|Any CPU.ActiveCfg = Debug|Any CPU
		{A60450D6-E39C-417A-8820-23816D027236}.Debug|Any CPU.Build.0 = Debug|Any CPU
		{A60450D6-E39C-417A-8820-23816D027236}.Release|Any CPU.ActiveCfg = Release|Any CPU
		{A60450D6-E39C-417A-8820-23816D027236}.Release|Any CPU.Build.0 = Release|Any CPU
		{B4806B52-4C7C-4A22-B579-1762F421E655}.Debug|Any CPU.ActiveCfg = Debug|Any CPU
		{B4806B52-4C7C-4A22-B579-1762F421E655}.Debug|Any CPU.Build.0 = Debug|Any CPU
		{B4806B52-4C7C-4A22-B579-1762F421E655}.Release|Any CPU.ActiveCfg = Release|Any CPU
		{B4806B52-4C7C-4A22-B579-1762F421E655}.Release|Any CPU.Build.0 = Release|Any CPU
		{A01D3E6E-0A9A-47F9-8AAE-67944C2FF2DE}.Debug|Any CPU.ActiveCfg = Debug|Any CPU
		{A01D3E6E-0A9A-47F9-8AAE-67944C2FF2DE}.Debug|Any CPU.Build.0 = Debug|Any CPU
		{A01D3E6E-0A9A-47F9-8AAE-67944C2FF2DE}.Release|Any CPU.ActiveCfg = Release|Any CPU
		{A01D3E6E-0A9A-47F9-8AAE-67944C2FF2DE}.Release|Any CPU.Build.0 = Release|Any CPU
		{6FD8AAD2-D341-4652-9A1A-A0E4E644DA8B}.Debug|Any CPU.ActiveCfg = Debug|Any CPU
		{6FD8AAD2-D341-4652-9A1A-A0E4E644DA8B}.Debug|Any CPU.Build.0 = Debug|Any CPU
		{6FD8AAD2-D341-4652-9A1A-A0E4E644DA8B}.Release|Any CPU.ActiveCfg = Release|Any CPU
		{6FD8AAD2-D341-4652-9A1A-A0E4E644DA8B}.Release|Any CPU.Build.0 = Release|Any CPU
		{A7822F63-B1BE-4DDB-9AD5-9C2C13519F2D}.Debug|Any CPU.ActiveCfg = Debug|Any CPU
		{A7822F63-B1BE-4DDB-9AD5-9C2C13519F2D}.Debug|Any CPU.Build.0 = Debug|Any CPU
		{A7822F63-B1BE-4DDB-9AD5-9C2C13519F2D}.Release|Any CPU.ActiveCfg = Release|Any CPU
		{A7822F63-B1BE-4DDB-9AD5-9C2C13519F2D}.Release|Any CPU.Build.0 = Release|Any CPU
		{60BF83A4-9963-4611-B68E-A77EE1EED1FA}.Debug|Any CPU.ActiveCfg = Debug|Any CPU
		{60BF83A4-9963-4611-B68E-A77EE1EED1FA}.Debug|Any CPU.Build.0 = Debug|Any CPU
		{60BF83A4-9963-4611-B68E-A77EE1EED1FA}.Release|Any CPU.ActiveCfg = Release|Any CPU
		{60BF83A4-9963-4611-B68E-A77EE1EED1FA}.Release|Any CPU.Build.0 = Release|Any CPU
		{D94BAEB1-84B3-415E-87DD-8370722A9F5C}.Debug|Any CPU.ActiveCfg = Debug|Any CPU
		{D94BAEB1-84B3-415E-87DD-8370722A9F5C}.Debug|Any CPU.Build.0 = Debug|Any CPU
		{D94BAEB1-84B3-415E-87DD-8370722A9F5C}.Release|Any CPU.ActiveCfg = Release|Any CPU
		{D94BAEB1-84B3-415E-87DD-8370722A9F5C}.Release|Any CPU.Build.0 = Release|Any CPU
	EndGlobalSection
	GlobalSection(SolutionProperties) = preSolution
		HideSolutionNode = FALSE
	EndGlobalSection
	GlobalSection(NestedProjects) = preSolution
		{17DE5356-84B8-499A-A00B-BB40EBCFA98E} = {F268B444-1E83-49D8-A2E2-F622E2A9EEDC}
		{A60450D6-E39C-417A-8820-23816D027236} = {6ACDFADA-8CB0-492A-99EC-B4999D99AA63}
		{B4806B52-4C7C-4A22-B579-1762F421E655} = {6ACDFADA-8CB0-492A-99EC-B4999D99AA63}
		{A01D3E6E-0A9A-47F9-8AAE-67944C2FF2DE} = {6ACDFADA-8CB0-492A-99EC-B4999D99AA63}
		{6FD8AAD2-D341-4652-9A1A-A0E4E644DA8B} = {6ACDFADA-8CB0-492A-99EC-B4999D99AA63}
		{A7822F63-B1BE-4DDB-9AD5-9C2C13519F2D} = {6ACDFADA-8CB0-492A-99EC-B4999D99AA63}
		{60BF83A4-9963-4611-B68E-A77EE1EED1FA} = {6ACDFADA-8CB0-492A-99EC-B4999D99AA63}
		{D94BAEB1-84B3-415E-87DD-8370722A9F5C} = {F268B444-1E83-49D8-A2E2-F622E2A9EEDC}
	EndGlobalSection
	GlobalSection(ExtensibilityGlobals) = postSolution
		SolutionGuid = {09A8D178-F844-4ACE-B8B2-3DF3A16DC315}
	EndGlobalSection
EndGlobal
